
Microsoft Visual Studio Solution File, Format Version 12.00
# Visual Studio Version 16
VisualStudioVersion = 16.0.30204.135
MinimumVisualStudioVersion = 10.0.40219.1
Project("{9A19103F-16F7-4668-BE54-9A1E7A4F7556}") = "AVLTree", "AVLTree\AVLTree.csproj", "{76F4B949-1053-4A66-8589-73947E6870CB}"
EndProject
Project("{2150E333-8FDC-42A3-9474-1A3956D46DE8}") = "TestsTree", "TestsTree", "{300EC549-E3DA-44AE-917B-2D44E2F0CF5F}"
EndProject
Project("{FAE04EC0-301F-11D3-BF4B-00C04F79EFBC}") = "AVLTree.tests", "AVLTree.tests\AVLTree.tests.csproj", "{1D86F2F6-26DC-4F9C-8134-3BE3854F3D9D}"
EndProject
Global
	GlobalSection(SolutionConfigurationPlatforms) = preSolution
		Debug|Any CPU = Debug|Any CPU
		Release|Any CPU = Release|Any CPU
	EndGlobalSection
	GlobalSection(ProjectConfigurationPlatforms) = postSolution
		{76F4B949-1053-4A66-8589-73947E6870CB}.Debug|Any CPU.ActiveCfg = Debug|Any CPU
		{76F4B949-1053-4A66-8589-73947E6870CB}.Debug|Any CPU.Build.0 = Debug|Any CPU
		{76F4B949-1053-4A66-8589-73947E6870CB}.Release|Any CPU.ActiveCfg = Release|Any CPU
		{76F4B949-1053-4A66-8589-73947E6870CB}.Release|Any CPU.Build.0 = Release|Any CPU
		{1D86F2F6-26DC-4F9C-8134-3BE3854F3D9D}.Debug|Any CPU.ActiveCfg = Debug|Any CPU
		{1D86F2F6-26DC-4F9C-8134-3BE3854F3D9D}.Debug|Any CPU.Build.0 = Debug|Any CPU
		{1D86F2F6-26DC-4F9C-8134-3BE3854F3D9D}.Release|Any CPU.ActiveCfg = Release|Any CPU
		{1D86F2F6-26DC-4F9C-8134-3BE3854F3D9D}.Release|Any CPU.Build.0 = Release|Any CPU
	EndGlobalSection
	GlobalSection(SolutionProperties) = preSolution
		HideSolutionNode = FALSE
	EndGlobalSection
	GlobalSection(NestedProjects) = preSolution
		{1D86F2F6-26DC-4F9C-8134-3BE3854F3D9D} = {300EC549-E3DA-44AE-917B-2D44E2F0CF5F}
	EndGlobalSection
	GlobalSection(ExtensibilityGlobals) = postSolution
		SolutionGuid = {1B8BAEA2-28C0-47C2-9475-59F17DFFCC23}
	EndGlobalSection
EndGlobal
